---
lockfileVersion: 1
lockfileVendor: redhat
arches:
- arch: x86_64
  packages:
  - url: https://cdn-ubi.redhat.com/content/public/ubi/dist/ubi10/10/x86_64/appstream/os/Packages/c/cargo-1.92.0-1.el10.x86_64.rpm
    repoid: ubi-10-appstream-rpms
    size: 8426261
    checksum: sha256:28c9e31b3cb704763452eeae51ecbaaa5ca5e2184f6e049df1da147b6ef11dbf
    name: cargo
    evr: 1.92.0-1.el10
    sourcerpm: rust-1.92.0-1.el10.src.rpm
  - url: https://cdn-ubi.redhat.com/content/public/ubi/dist/ubi10/10/x86_64/appstream/os/Packages/c/cpp-14.3.1-4.4.el10.x86_64.rpm
    repoid: ubi-10-appstream-rpms
    size: 13449388
    checksum: sha256:52a30ef8bfce05a3a5417f19eb141c566c33d17891c23af93d29b2744104ed7c
    name: cpp
    evr: 14.3.1-4.4.el10
    sourcerpm: gcc-14.3.1-4.4.el10.src.rpm
  - url: https://cdn-ubi.redhat.com/content/public/ubi/dist/ubi10/10/x86_64/appstream/os/Packages/g/gcc-14.3.1-4.4.el10.x86_64.rpm
    repoid: ubi-10-appstream-rpms
    size: 39854147
    checksum: sha256:ccba654a3d240e2a3a3c4a1c3c2f8b1adb841db4f69879c823613735476765d1
    name: gcc
    evr: 14.3.1-4.4.el10
    sourcerpm: gcc-14.3.1-4.4.el10.src.rpm
  - url: https://cdn-ubi.redhat.com/content/public/ubi/dist/ubi10/10/x86_64/appstream/os/Packages/g/glibc-devel-2.39-124.el10_2.x86_64.rpm
    repoid: ubi-10-appstream-rpms
    size: 605497
    checksum: sha256:62d7dda74a4dbe6d4969fa4385c1bbbf958e566b297a8905393995851b2e0c51
    name: glibc-devel
    evr: 2.39-124.el10_2
    sourcerpm: glibc-2.39-124.el10_2.src.rpm
  - url: https://cdn-ubi.redhat.com/content/public/ubi/dist/ubi10/10/x86_64/appstream/os/Packages/k/kernel-headers-6.12.0-211.18.1.el10_2.x86_64.rpm
    repoid: ubi-10-appstream-rpms
    size: 3649813
    checksum: sha256:35fa5150e866d09b2da3a8ca214a0cad4aac9f43fcead2848ca81b5c99002eb0
    name: kernel-headers
    evr: 6.12.0-211.18.1.el10_2
    sourcerpm: kernel-6.12.0-211.18.1.el10_2.src.rpm
  - url: https://cdn-ubi.redhat.com/content/public/ubi/dist/ubi10/10/x86_64/appstream/os/Packages/l/libffi-devel-3.4.4-10.el10.x86_64.rpm
    repoid: ubi-10-appstream-rpms
    size: 29841
    checksum: sha256:1adc20d5289e871e92d6e5b3660bc2ca1dc4325fa2077fa3796395db01c3bd8a
    name: libffi-devel
    evr: 3.4.4-10.el10
    sourcerpm: libffi-3.4.4-10.el10.src.rpm
  - url: https://cdn-ubi.redhat.com/content/public/ubi/dist/ubi10/10/x86_64/appstream/os/Packages/l/libmpc-1.3.1-7.el10.x86_64.rpm
    repoid: ubi-10-appstream-rpms
    size: 75330
    checksum: sha256:0ffe6cc4aa8936e1ed0d807c8bb059a864aa5cb687cde85f211f3d050a45a1a2
    name: libmpc
    evr: 1.3.1-7.el10
    sourcerpm: libmpc-1.3.1-7.el10.src.rpm
  - url: https://cdn-ubi.redhat.com/content/public/ubi/dist/ubi10/10/x86_64/appstream/os/Packages/l/libxcrypt-devel-4.4.36-10.el10.x86_64.rpm
    repoid: ubi-10-appstream-rpms
    size: 34028
    checksum: sha256:5e98ac0095da4e23b8a7b0dfc8d6fc97b0fa0d6c5d7bb0d70fe1dbf97ae64eb6
    name: libxcrypt-devel
    evr: 4.4.36-10.el10
    sourcerpm: libxcrypt-4.4.36-10.el10.src.rpm
  - url: https://cdn-ubi.redhat.com/content/public/ubi/dist/ubi10/10/x86_64/appstream/os/Packages/l/llvm-filesystem-21.1.8-1.el10.x86_64.rpm
    repoid: ubi-10-appstream-rpms
    size: 20065
    checksum: sha256:266827c40fe683f62a32c6aabddf8752c70bf97cdfd15b091f78362fd1351dcf
    name: llvm-filesystem
    evr: 21.1.8-1.el10
    sourcerpm: llvm-21.1.8-1.el10.src.rpm
  - url: https://cdn-ubi.redhat.com/content/public/ubi/dist/ubi10/10/x86_64/appstream/os/Packages/l/llvm-libs-21.1.8-1.el10.x86_64.rpm
    repoid: ubi-10-appstream-rpms
    size: 32089714
    checksum: sha256:552a89a0b1cece21ad2a2dd315383dabc043ff53d11bf1c9bc361989e3877697
    name: llvm-libs
    evr: 21.1.8-1.el10
    sourcerpm: llvm-21.1.8-1.el10.src.rpm
  - url: https://cdn-ubi.redhat.com/content/public/ubi/dist/ubi10/10/x86_64/appstream/os/Packages/o/openssl-devel-3.5.5-3.el10_2.x86_64.rpm
    repoid: ubi-10-appstream-rpms
    size: 4404956
    checksum: sha256:88b8ecb410c6f89d968bd6f7b3266306848d8ab9e0af8da05d0d13b23e0c7829
    name: openssl-devel
    evr: 1:3.5.5-3.el10_2
    sourcerpm: openssl-3.5.5-3.el10_2.src.rpm
  - url: https://cdn-ubi.redhat.com/content/public/ubi/dist/ubi10/10/x86_64/appstream/os/Packages/p/perl-AutoLoader-5.74-512.2.el10_0.noarch.rpm
    repoid: ubi-10-appstream-rpms
    size: 22487
    checksum: sha256:3adf5d0aea219502bc653e3ea9d1fafe4a918e1037a0fb5dfba66d46332b79ff
    name: perl-AutoLoader
    evr: 5.74-512.2.el10_0
    sourcerpm: perl-5.40.2-512.2.el10_0.src.rpm
  - url: https://cdn-ubi.redhat.com/content/public/ubi/dist/ubi10/10/x86_64/appstream/os/Packages/p/perl-B-1.89-512.2.el10_0.x86_64.rpm
    repoid: ubi-10-appstream-rpms
    size: 182303
    checksum: sha256:3498bc9bfbc115339fa7656a048804d2bb2cb94603eae20579d61325bc5f76f0
    name: perl-B
    evr: 1.89-512.2.el10_0
    sourcerpm: perl-5.40.2-512.2.el10_0.src.rpm
  - url: https://cdn-ubi.redhat.com/content/public/ubi/dist/ubi10/10/x86_64/appstream/os/Packages/p/perl-Carp-1.54-511.el10.noarch.rpm
    repoid: ubi-10-appstream-rpms
    size: 32152
    checksum: sha256:e33d8c709b3dbb274aaafcfe4226a7f4b3b134554a08ba16140dda9368f0655e
    name: perl-Carp
    evr: 1.54-511.el10
    sourcerpm: perl-Carp-1.54-511.el10.src.rpm
  - url: https://cdn-ubi.redhat.com/content/public/ubi/dist/ubi10/10/x86_64/appstream/os/Packages/p/perl-Class-Struct-0.68-512.2.el10_0.noarch.rpm
    repoid: ubi-10-appstream-rpms
    size: 23329
    checksum: sha256:ddd41baecacfec46ed07973db48326a7ebf483dcc6ca2b10b049350202b629c4
    name: perl-Class-Struct
    evr: 0.68-512.2.el10_0
    sourcerpm: perl-5.40.2-512.2.el10_0.src.rpm
  - url: https://cdn-ubi.redhat.com/content/public/ubi/dist/ubi10/10/x86_64/appstream/os/Packages/p/perl-Data-Dumper-2.189-512.el10.x86_64.rpm
    repoid: ubi-10-appstream-rpms
    size: 61309
    checksum: sha256:12f7afba0d8e2fdca00a7a391b9c536026e8c8e7ca044b42a434917a1caf56a3
    name: perl-Data-Dumper
    evr: 2.189-512.el10
    sourcerpm: perl-Data-Dumper-2.189-512.el10.src.rpm
  - url: https://cdn-ubi.redhat.com/content/public/ubi/dist/ubi10/10/x86_64/appstream/os/Packages/p/perl-Digest-1.20-511.el10.noarch.rpm
    repoid: ubi-10-appstream-rpms
    size: 28853
    checksum: sha256:f3fc3d8bc266271194c9c22ef75fee991dc188855dae762f8a0dde140d1ae3b3
    name: perl-Digest
    evr: 1.20-511.el10
    sourcerpm: perl-Digest-1.20-511.el10.src.rpm
  - url: https://cdn-ubi.redhat.com/content/public/ubi/dist/ubi10/10/x86_64/appstream/os/Packages/p/perl-Digest-MD5-2.59-6.el10.x86_64.rpm
    repoid: ubi-10-appstream-rpms
    size: 40871
    checksum: sha256:e71faadc86b93185a2c41fb80f54ab4d407b85eb011013c5d31079d7aff8cc30
    name: perl-Digest-MD5
    evr: 2.59-6.el10
    sourcerpm: perl-Digest-MD5-2.59-6.el10.src.rpm
  - url: https://cdn-ubi.redhat.com/content/public/ubi/dist/ubi10/10/x86_64/appstream/os/Packages/p/perl-DynaLoader-1.56-512.2.el10_0.x86_64.rpm
    repoid: ubi-10-appstream-rpms
    size: 27388
    checksum: sha256:555e30ab2d2404338ace142d45f1356a3df0edcef144b64bae767804854ea6a2
    name: perl-DynaLoader
    evr: 1.56-512.2.el10_0
    sourcerpm: perl-5.40.2-512.2.el10_0.src.rpm
  - url: https://cdn-ubi.redhat.com/content/public/ubi/dist/ubi10/10/x86_64/appstream/os/Packages/p/perl-Encode-3.21-511.el10.x86_64.rpm
    repoid: ubi-10-appstream-rpms
    size: 1120252
    checksum: sha256:9bb023e78910e4a88076d9cef63094fbfec89dfc4d7dd2e8195288ed5f8cfe3d
    name: perl-Encode
    evr: 4:3.21-511.el10
    sourcerpm: perl-Encode-3.21-511.el10.src.rpm
  - url: https://cdn-ubi.redhat.com/content/public/ubi/dist/ubi10/10/x86_64/appstream/os/Packages/p/perl-Errno-1.38-512.2.el10_0.x86_64.rpm
    repoid: ubi-10-appstream-rpms
    size: 16022
    checksum: sha256:abc756c019b587b027bc05e4dc186769183b89b4d09cae0128c5ed59c392b0c0
    name: perl-Errno
    evr: 1.38-512.2.el10_0
    sourcerpm: perl-5.40.2-512.2.el10_0.src.rpm
  - url: https://cdn-ubi.redhat.com/content/public/ubi/dist/ubi10/10/x86_64/appstream/os/Packages/p/perl-Exporter-5.78-511.el10.noarch.rpm
    repoid: ubi-10-appstream-rpms
    size: 34406
    checksum: sha256:7717ade5f90dab98aea4217afdc0ffff8971ddc79a1ba34e133d4dd719e7f499
    name: perl-Exporter
    evr: 5.78-511.el10
    sourcerpm: perl-Exporter-5.78-511.el10.src.rpm
  - url: https://cdn-ubi.redhat.com/content/public/ubi/dist/ubi10/10/x86_64/appstream/os/Packages/p/perl-ExtUtils-MM-Utils-7.70-513.el10.noarch.rpm
    repoid: ubi-10-appstream-rpms
    size: 13827
    checksum: sha256:76ee6f38fabe78e6c5d641b5b5d1e0cb9728820fd390d45157525dbe708823cf
    name: perl-ExtUtils-MM-Utils
    evr: 2:7.70-513.el10
    sourcerpm: perl-ExtUtils-MakeMaker-7.70-513.el10.src.rpm
  - url: https://cdn-ubi.redhat.com/content/public/ubi/dist/ubi10/10/x86_64/appstream/os/Packages/p/perl-Fcntl-1.18-512.2.el10_0.x86_64.rpm
    repoid: ubi-10-appstream-rpms
    size: 31237
    checksum: sha256:d09c7fbc0e8fd2f14a89a06db601849d62ae265ad5f16a8a0b1031595b6b6ddf
    name: perl-Fcntl
    evr: 1.18-512.2.el10_0
    sourcerpm: perl-5.40.2-512.2.el10_0.src.rpm
  - url: https://cdn-ubi.redhat.com/content/public/ubi/dist/ubi10/10/x86_64/appstream/os/Packages/p/perl-File-Basename-2.86-512.2.el10_0.noarch.rpm
    repoid: ubi-10-appstream-rpms
    size: 18308
    checksum: sha256:d88970e5564011deb70fc23854ee947fd99c5a9432b0698c986c1ceb50697bc9
    name: perl-File-Basename
    evr: 2.86-512.2.el10_0
    sourcerpm: perl-5.40.2-512.2.el10_0.src.rpm
  - url: https://cdn-ubi.redhat.com/content/public/ubi/dist/ubi10/10/x86_64/appstream/os/Packages/p/perl-File-Compare-1.100.800-512.2.el10_0.noarch.rpm
    repoid: ubi-10-appstream-rpms
    size: 14307
    checksum: sha256:662af4e9ff3c9fe7aa1a71cf34a3e97a2425a7d9c116bbdc79a189a275c57558
    name: perl-File-Compare
    evr: 1.100.800-512.2.el10_0
    sourcerpm: perl-5.40.2-512.2.el10_0.src.rpm
  - url: https://cdn-ubi.redhat.com/content/public/ubi/dist/ubi10/10/x86_64/appstream/os/Packages/p/perl-File-Copy-2.41-512.2.el10_0.noarch.rpm
    repoid: ubi-10-appstream-rpms
    size: 21339
    checksum: sha256:05e4ff380d0ab8ddacc058210e70ffc3036a74afaa86301c412ff6b5fa08069f
    name: perl-File-Copy
    evr: 2.41-512.2.el10_0
    sourcerpm: perl-5.40.2-512.2.el10_0.src.rpm
  - url: https://cdn-ubi.redhat.com/content/public/ubi/dist/ubi10/10/x86_64/appstream/os/Packages/p/perl-File-Find-1.44-512.2.el10_0.noarch.rpm
    repoid: ubi-10-appstream-rpms
    size: 26682
    checksum: sha256:a608d0da545e4f04f4c70c71a152a2104acf289c03a4f3daa3226bd857cefe00
    name: perl-File-Find
    evr: 1.44-512.2.el10_0
    sourcerpm: perl-5.40.2-512.2.el10_0.src.rpm
  - url: https://cdn-ubi.redhat.com/content/public/ubi/dist/ubi10/10/x86_64/appstream/os/Packages/p/perl-File-Path-2.18-512.el10.noarch.rpm
    repoid: ubi-10-appstream-rpms
    size: 35579
    checksum: sha256:de5f9cb446da59c4b6bacacf253a8be44ca8d094fe1e569189d99e762724ee5f
    name: perl-File-Path
    evr: 2.18-512.el10
    sourcerpm: perl-File-Path-2.18-512.el10.src.rpm
  - url: https://cdn-ubi.redhat.com/content/public/ubi/dist/ubi10/10/x86_64/appstream/os/Packages/p/perl-File-Temp-0.231.100-512.el10.noarch.rpm
    repoid: ubi-10-appstream-rpms
    size: 64128
    checksum: sha256:d7cec8ac7e8a4fe82d09fb3f5fcddc7723b41b0baef680a250ae0f5c27f3709c
    name: perl-File-Temp
    evr: 1:0.231.100-512.el10
    sourcerpm: perl-File-Temp-0.231.100-512.el10.src.rpm
  - url: https://cdn-ubi.redhat.com/content/public/ubi/dist/ubi10/10/x86_64/appstream/os/Packages/p/perl-File-stat-1.14-512.2.el10_0.noarch.rpm
    repoid: ubi-10-appstream-rpms
    size: 18196
    checksum: sha256:b3cf1e12c99db5efe270c1b3c0f1bc476c11ce8767c546ebb330c9e2913cde99
    name: perl-File-stat
    evr: 1.14-512.2.el10_0
    sourcerpm: perl-5.40.2-512.2.el10_0.src.rpm
  - url: https://cdn-ubi.redhat.com/content/public/ubi/dist/ubi10/10/x86_64/appstream/os/Packages/p/perl-FileHandle-2.05-512.2.el10_0.noarch.rpm
    repoid: ubi-10-appstream-rpms
    size: 16609
    checksum: sha256:35e8eba7fb360961b2e6851e89a882f13237de7eea29e62b5c607f56d6453fa7
    name: perl-FileHandle
    evr: 2.05-512.2.el10_0
    sourcerpm: perl-5.40.2-512.2.el10_0.src.rpm
  - url: https://cdn-ubi.redhat.com/content/public/ubi/dist/ubi10/10/x86_64/appstream/os/Packages/p/perl-FindBin-1.54-512.2.el10_0.noarch.rpm
    repoid: ubi-10-appstream-rpms
    size: 15303
    checksum: sha256:4befbd3e170096d23ebb0c592915fbe436f59536aabb4c75c8105c50ac207b51
    name: perl-FindBin
    evr: 1.54-512.2.el10_0
    sourcerpm: perl-5.40.2-512.2.el10_0.src.rpm
  - url: https://cdn-ubi.redhat.com/content/public/ubi/dist/ubi10/10/x86_64/appstream/os/Packages/p/perl-Getopt-Long-2.58-3.el10.noarch.rpm
    repoid: ubi-10-appstream-rpms
    size: 69925
    checksum: sha256:18bcc4a23330f281c9d882843d9a552aefea14012a4a5a71896a646e94f87bd6
    name: perl-Getopt-Long
    evr: 1:2.58-3.el10
    sourcerpm: perl-Getopt-Long-2.58-3.el10.src.rpm
  - url: https://cdn-ubi.redhat.com/content/public/ubi/dist/ubi10/10/x86_64/appstream/os/Packages/p/perl-Getopt-Std-1.14-512.2.el10_0.noarch.rpm
    repoid: ubi-10-appstream-rpms
    size: 16805
    checksum: sha256:ed4c349c5eec1c88418ce923908d6084ce4bfc22825c02aab4c0cf77b7f27bf5
    name: perl-Getopt-Std
    evr: 1.14-512.2.el10_0
    sourcerpm: perl-5.40.2-512.2.el10_0.src.rpm
  - url: https://cdn-ubi.redhat.com/content/public/ubi/dist/ubi10/10/x86_64/appstream/os/Packages/p/perl-HTTP-Tiny-0.088-512.el10.noarch.rpm
    repoid: ubi-10-appstream-rpms
    size: 61006
    checksum: sha256:aaba92b1d9a41f453d92c4a37c236331595556d8b1ef3ba27efe79191b2ee348
    name: perl-HTTP-Tiny
    evr: 0.088-512.el10
    sourcerpm: perl-HTTP-Tiny-0.088-512.el10.src.rpm
  - url: https://cdn-ubi.redhat.com/content/public/ubi/dist/ubi10/10/x86_64/appstream/os/Packages/p/perl-I18N-LangTags-0.45-512.2.el10_0.noarch.rpm
    repoid: ubi-10-appstream-rpms
    size: 54463
    checksum: sha256:023180132ca745d79c37d3f7b7df544cfdfc1a00be3c38f4fe3eca56f3be1281
    name: perl-I18N-LangTags
    evr: 0.45-512.2.el10_0
    sourcerpm: perl-5.40.2-512.2.el10_0.src.rpm
  - url: https://cdn-ubi.redhat.com/content/public/ubi/dist/ubi10/10/x86_64/appstream/os/Packages/p/perl-IO-1.55-512.2.el10_0.x86_64.rpm
    repoid: ubi-10-appstream-rpms
    size: 82592
    checksum: sha256:564e49789131c4e7111f2855d40a44db902cf5cb6867aa72ccc515b091ee793e
    name: perl-IO
    evr: 1.55-512.2.el10_0
    sourcerpm: perl-5.40.2-512.2.el10_0.src.rpm
  - url: https://cdn-ubi.redhat.com/content/public/ubi/dist/ubi10/10/x86_64/appstream/os/Packages/p/perl-IO-Socket-IP-0.42-512.el10.noarch.rpm
    repoid: ubi-10-appstream-rpms
    size: 46270
    checksum: sha256:fc53776bb07d9a12c61b2e2160abda314f0fb3e3bdccbeedc5d186a9bb9bf162
    name: perl-IO-Socket-IP
    evr: 0.42-512.el10
    sourcerpm: perl-IO-Socket-IP-0.42-512.el10.src.rpm
  - url: https://cdn-ubi.redhat.com/content/public/ubi/dist/ubi10/10/x86_64/appstream/os/Packages/p/perl-IO-Socket-SSL-2.085-3.el10.noarch.rpm
    repoid: ubi-10-appstream-rpms
    size: 236244
    checksum: sha256:f78f083f60a73ca447d6727d11cd2182de85acc787369f378e6b1067dbe94eba
    name: perl-IO-Socket-SSL
    evr: 2.085-3.el10
    sourcerpm: perl-IO-Socket-SSL-2.085-3.el10.src.rpm
  - url: https://cdn-ubi.redhat.com/content/public/ubi/dist/ubi10/10/x86_64/appstream/os/Packages/p/perl-IPC-Cmd-1.04-512.el10.noarch.rpm
    repoid: ubi-10-appstream-rpms
    size: 42924
    checksum: sha256:bb4c1022e81a3ac572fd77abf1a291bfc94321e45cf17bb1942d8bd8d3427a3b
    name: perl-IPC-Cmd
    evr: 2:1.04-512.el10
    sourcerpm: perl-IPC-Cmd-1.04-512.el10.src.rpm
  - url: https://cdn-ubi.redhat.com/content/public/ubi/dist/ubi10/10/x86_64/appstream/os/Packages/p/perl-IPC-Open3-1.22-512.2.el10_0.noarch.rpm
    repoid: ubi-10-appstream-rpms
    size: 23118
    checksum: sha256:5e90fee835d98079d15ccda622084965b94f7ca44a17c511b3573743f6b37d07
    name: perl-IPC-Open3
    evr: 1.22-512.2.el10_0
    sourcerpm: perl-5.40.2-512.2.el10_0.src.rpm
  - url: https://cdn-ubi.redhat.com/content/public/ubi/dist/ubi10/10/x86_64/appstream/os/Packages/p/perl-Locale-Maketext-1.33-512.el10.noarch.rpm
    repoid: ubi-10-appstream-rpms
    size: 100286
    checksum: sha256:005c442655d72b88a3cfc3d26f8f9c861451a276442de39fbc133d1314316669
    name: perl-Locale-Maketext
    evr: 1.33-512.el10
    sourcerpm: perl-Locale-Maketext-1.33-512.el10.src.rpm
  - url: https://cdn-ubi.redhat.com/content/public/ubi/dist/ubi10/10/x86_64/appstream/os/Packages/p/perl-Locale-Maketext-Simple-0.21-512.2.el10_0.noarch.rpm
    repoid: ubi-10-appstream-rpms
    size: 18747
    checksum: sha256:978504b07b461e98046204a039b5b5905696bed2948d1f6ca234496202ffe184
    name: perl-Locale-Maketext-Simple
    evr: 1:0.21-512.2.el10_0
    sourcerpm: perl-5.40.2-512.2.el10_0.src.rpm
  - url: https://cdn-ubi.redhat.com/content/public/ubi/dist/ubi10/10/x86_64/appstream/os/Packages/p/perl-MIME-Base64-3.16-511.el10.x86_64.rpm
    repoid: ubi-10-appstream-rpms
    size: 34915
    checksum: sha256:b42ad237a9243106c919cfd59fe863b78912c6d49f7d7b7afa649b02550fac07
    name: perl-MIME-Base64
    evr: 3.16-511.el10
    sourcerpm: perl-MIME-Base64-3.16-511.el10.src.rpm
  - url: https://cdn-ubi.redhat.com/content/public/ubi/dist/ubi10/10/x86_64/appstream/os/Packages/p/perl-Module-CoreList-5.20260119-1.el10.noarch.rpm
    repoid: ubi-10-appstream-rpms
    size: 100490
    checksum: sha256:948eb99d45aaf5769fed054bdce8216ce205240f5adcd34f19995db8b6985814
    name: perl-Module-CoreList
    evr: 1:5.20260119-1.el10
    sourcerpm: perl-Module-CoreList-5.20260119-1.el10.src.rpm
  - url: https://cdn-ubi.redhat.com/content/public/ubi/dist/ubi10/10/x86_64/appstream/os/Packages/p/perl-Module-Load-0.36-511.el10.noarch.rpm
    repoid: ubi-10-appstream-rpms
    size: 20049
    checksum: sha256:02bbf3334a092a2cb1598bc1b1bb63277aa3eafbff0c73e83dfc3cb660fb9470
    name: perl-Module-Load
    evr: 1:0.36-511.el10
    sourcerpm: perl-Module-Load-0.36-511.el10.src.rpm
  - url: https://cdn-ubi.redhat.com/content/public/ubi/dist/ubi10/10/x86_64/appstream/os/Packages/p/perl-Module-Load-Conditional-0.74-511.el10.noarch.rpm
    repoid: ubi-10-appstream-rpms
    size: 25082
    checksum: sha256:ccede0c03356f752ee6b3e190a16b4124f7090e74c62507b5c1f07e6c81d7fc4
    name: perl-Module-Load-Conditional
    evr: 0.74-511.el10
    sourcerpm: perl-Module-Load-Conditional-0.74-511.el10.src.rpm
  - url: https://cdn-ubi.redhat.com/content/public/ubi/dist/ubi10/10/x86_64/appstream/os/Packages/p/perl-Module-Metadata-1.000038-512.el10.noarch.rpm
    repoid: ubi-10-appstream-rpms
    size: 39303
    checksum: sha256:4526740d896845642bdc44df1b8b82a44fc29101941d3bab56762004ace36d38
    name: perl-Module-Metadata
    evr: 1.000038-512.el10
    sourcerpm: perl-Module-Metadata-1.000038-512.el10.src.rpm
  - url: https://cdn-ubi.redhat.com/content/public/ubi/dist/ubi10/10/x86_64/appstream/os/Packages/p/perl-Mozilla-CA-20231213-5.el10.noarch.rpm
    repoid: ubi-10-appstream-rpms
    size: 16659
    checksum: sha256:c73ab5645016c9965737ee0871cd91ca898ed6220e63c270d852b015f24e1ec6
    name: perl-Mozilla-CA
    evr: 20231213-5.el10
    sourcerpm: perl-Mozilla-CA-20231213-5.el10.src.rpm
  - url: https://cdn-ubi.redhat.com/content/public/ubi/dist/ubi10/10/x86_64/appstream/os/Packages/p/perl-Net-SSLeay-1.94-8.el10.x86_64.rpm
    repoid: ubi-10-appstream-rpms
    size: 389523
    checksum: sha256:b81610e8911a065044d009316a4d76f9ea09e0810494b752d92273831d27f57b
    name: perl-Net-SSLeay
    evr: 1.94-8.el10
    sourcerpm: perl-Net-SSLeay-1.94-8.el10.src.rpm
  - url: https://cdn-ubi.redhat.com/content/public/ubi/dist/ubi10/10/x86_64/appstream/os/Packages/p/perl-POSIX-2.20-512.2.el10_0.x86_64.rpm
    repoid: ubi-10-appstream-rpms
    size: 99788
    checksum: sha256:5ecb25caa7ff8df8c7ba0e6f99aa46f3701fe0092dd406c265b0f5a6057be2d6
    name: perl-POSIX
    evr: 2.20-512.2.el10_0
    sourcerpm: perl-5.40.2-512.2.el10_0.src.rpm
  - url: https://cdn-ubi.redhat.com/content/public/ubi/dist/ubi10/10/x86_64/appstream/os/Packages/p/perl-Params-Check-0.38-511.el10.noarch.rpm
    repoid: ubi-10-appstream-rpms
    size: 24630
    checksum: sha256:3a130c139a68da3f826fcba6123d50a4f59b5ca0de526e36a7647944c542efcc
    name: perl-Params-Check
    evr: 1:0.38-511.el10
    sourcerpm: perl-Params-Check-0.38-511.el10.src.rpm
  - url: https://cdn-ubi.redhat.com/content/public/ubi/dist/ubi10/10/x86_64/appstream/os/Packages/p/perl-PathTools-3.91-512.el10.x86_64.rpm
    repoid: ubi-10-appstream-rpms
    size: 91403
    checksum: sha256:c32a4dfcd0782cbcd8560d4d5c19df5cea108d818d55461f377422f05bdd7c7d
    name: perl-PathTools
    evr: 3.91-512.el10
    sourcerpm: perl-PathTools-3.91-512.el10.src.rpm
  - url: https://cdn-ubi.redhat.com/content/public/ubi/dist/ubi10/10/x86_64/appstream/os/Packages/p/perl-Pod-Escapes-1.07-511.el10.noarch.rpm
    repoid: ubi-10-appstream-rpms
    size: 22645
    checksum: sha256:c200e23d737f4f08e231c082ba9efa1151c142b95c2e93668a861ec6e8af6387
    name: perl-Pod-Escapes
    evr: 1:1.07-511.el10
    sourcerpm: perl-Pod-Escapes-1.07-511.el10.src.rpm
  - url: https://cdn-ubi.redhat.com/content/public/ubi/dist/ubi10/10/x86_64/appstream/os/Packages/p/perl-Pod-Perldoc-3.28.01-512.el10.noarch.rpm
    repoid: ubi-10-appstream-rpms
    size: 90523
    checksum: sha256:a58c465c213515cfde8645985bbe1381d2d705c0da208a8629d292288247c186
    name: perl-Pod-Perldoc
    evr: 3.28.01-512.el10
    sourcerpm: perl-Pod-Perldoc-3.28.01-512.el10.src.rpm
  - url: https://cdn-ubi.redhat.com/content/public/ubi/dist/ubi10/10/x86_64/appstream/os/Packages/p/perl-Pod-Simple-3.45-511.el10.noarch.rpm
    repoid: ubi-10-appstream-rpms
    size: 227878
    checksum: sha256:14a770a6482afb5d6e59aeb6d9243018fbed2a775f584f1d5aad8bf57436419e
    name: perl-Pod-Simple
    evr: 1:3.45-511.el10
    sourcerpm: perl-Pod-Simple-3.45-511.el10.src.rpm
  - url: https://cdn-ubi.redhat.com/content/public/ubi/dist/ubi10/10/x86_64/appstream/os/Packages/p/perl-Pod-Usage-2.03-511.el10.noarch.rpm
    repoid: ubi-10-appstream-rpms
    size: 44178
    checksum: sha256:526d436304ad58ac2ae714211b4e633ff1dfa5f481c4669c4b3aac36345c3069
    name: perl-Pod-Usage
    evr: 4:2.03-511.el10
    sourcerpm: perl-Pod-Usage-2.03-511.el10.src.rpm
  - url: https://cdn-ubi.redhat.com/content/public/ubi/dist/ubi10/10/x86_64/appstream/os/Packages/p/perl-Scalar-List-Utils-1.63-511.el10.x86_64.rpm
    repoid: ubi-10-appstream-rpms
    size: 80199
    checksum: sha256:0c49a699f11160173f7f96c864d64a05b0bed2ea6a6ec090aef3c3914de405dc
    name: perl-Scalar-List-Utils
    evr: 5:1.63-511.el10
    sourcerpm: perl-Scalar-List-Utils-1.63-511.el10.src.rpm
  - url: https://cdn-ubi.redhat.com/content/public/ubi/dist/ubi10/10/x86_64/appstream/os/Packages/p/perl-SelectSaver-1.02-512.2.el10_0.noarch.rpm
    repoid: ubi-10-appstream-rpms
    size: 12745
    checksum: sha256:230fffbfb3a30a6015c4393db819ab32438b07eeb1d9d77c9ff9e5040104da7b
    name: perl-SelectSaver
    evr: 1.02-512.2.el10_0
    sourcerpm: perl-5.40.2-512.2.el10_0.src.rpm
  - url: https://cdn-ubi.redhat.com/content/public/ubi/dist/ubi10/10/x86_64/appstream/os/Packages/p/perl-Socket-2.038-511.el10.x86_64.rpm
    repoid: ubi-10-appstream-rpms
    size: 60108
    checksum: sha256:a0cabaab2498a22f30eb695efc836a0245907823487c07993236c4f725569a3b
    name: perl-Socket
    evr: 4:2.038-511.el10
    sourcerpm: perl-Socket-2.038-511.el10.src.rpm
  - url: https://cdn-ubi.redhat.com/content/public/ubi/dist/ubi10/10/x86_64/appstream/os/Packages/p/perl-Storable-3.32-511.el10.x86_64.rpm
    repoid: ubi-10-appstream-rpms
    size: 103981
    checksum: sha256:c1606e0986462e8dee953955f864045b84e4efc568333c26e5bb2ab9a5102ae1
    name: perl-Storable
    evr: 1:3.32-511.el10
    sourcerpm: perl-Storable-3.32-511.el10.src.rpm
  - url: https://cdn-ubi.redhat.com/content/public/ubi/dist/ubi10/10/x86_64/appstream/os/Packages/p/perl-Symbol-1.09-512.2.el10_0.noarch.rpm
    repoid: ubi-10-appstream-rpms
    size: 15287
    checksum: sha256:f0689e090f5a7e58b22516fe6b3fbb0039a4be5113e7dbdcc3e9a8a668a17c8a
    name: perl-Symbol
    evr: 1.09-512.2.el10_0
    sourcerpm: perl-5.40.2-512.2.el10_0.src.rpm
  - url: https://cdn-ubi.redhat.com/content/public/ubi/dist/ubi10/10/x86_64/appstream/os/Packages/p/perl-Term-ANSIColor-5.01-512.el10.noarch.rpm
    repoid: ubi-10-appstream-rpms
    size: 52067
    checksum: sha256:1911e024055c4912acf9cb7b36dcafcaaf9011280baf0fb57f8c0f0557f1ee7a
    name: perl-Term-ANSIColor
    evr: 5.01-512.el10
    sourcerpm: perl-Term-ANSIColor-5.01-512.el10.src.rpm
  - url: https://cdn-ubi.redhat.com/content/public/ubi/dist/ubi10/10/x86_64/appstream/os/Packages/p/perl-Term-Cap-1.18-511.el10.noarch.rpm
    repoid: ubi-10-appstream-rpms
    size: 25395
    checksum: sha256:1a74bbcf53f340c2db848c898d6a1eccb296503576bd803be46716a3f2d07f05
    name: perl-Term-Cap
    evr: 1.18-511.el10
    sourcerpm: perl-Term-Cap-1.18-511.el10.src.rpm
  - url: https://cdn-ubi.redhat.com/content/public/ubi/dist/ubi10/10/x86_64/appstream/os/Packages/p/perl-Text-ParseWords-3.31-511.el10.noarch.rpm
    repoid: ubi-10-appstream-rpms
    size: 19126
    checksum: sha256:1888de997708159ded07c0a55ea8b843ca8f8b2a6499d7b7841969ac36825ca5
    name: perl-Text-ParseWords
    evr: 3.31-511.el10
    sourcerpm: perl-Text-ParseWords-3.31-511.el10.src.rpm
  - url: https://cdn-ubi.redhat.com/content/public/ubi/dist/ubi10/10/x86_64/appstream/os/Packages/p/perl-Text-Tabs+Wrap-2024.001-511.el10.noarch.rpm
    repoid: ubi-10-appstream-rpms
    size: 25047
    checksum: sha256:939259f36c6068e64c071f6b9904e8013330a06ba7c07569a8db47723afdfeaa
    name: perl-Text-Tabs+Wrap
    evr: 2024.001-511.el10
    sourcerpm: perl-Text-Tabs+Wrap-2024.001-511.el10.src.rpm
  - url: https://cdn-ubi.redhat.com/content/public/ubi/dist/ubi10/10/x86_64/appstream/os/Packages/p/perl-Time-HiRes-1.9777-511.el10.x86_64.rpm
    repoid: ubi-10-appstream-rpms
    size: 63018
    checksum: sha256:f78c68f8c1cc9dbbc258e49f22996d0ce71c0410f6455d9443546c286e8b2f44
    name: perl-Time-HiRes
    evr: 4:1.9777-511.el10
    sourcerpm: perl-Time-HiRes-1.9777-511.el10.src.rpm
  - url: https://cdn-ubi.redhat.com/content/public/ubi/dist/ubi10/10/x86_64/appstream/os/Packages/p/perl-Time-Local-1.350-511.el10.noarch.rpm
    repoid: ubi-10-appstream-rpms
    size: 38522
    checksum: sha256:bc30eb0596ae24503e5baf578b84122b68e3ca8d012562a73406d4afdabfbd6b
    name: perl-Time-Local
    evr: 2:1.350-511.el10
    sourcerpm: perl-Time-Local-1.350-511.el10.src.rpm
  - url: https://cdn-ubi.redhat.com/content/public/ubi/dist/ubi10/10/x86_64/appstream/os/Packages/p/perl-URI-5.27-3.el10.noarch.rpm
    repoid: ubi-10-appstream-rpms
    size: 140970
    checksum: sha256:27d79250ed875e4700f8e10334e670dacb6692ea3f60f225924d238a015dd4c5
    name: perl-URI
    evr: 5.27-3.el10
    sourcerpm: perl-URI-5.27-3.el10.src.rpm
  - url: https://cdn-ubi.redhat.com/content/public/ubi/dist/ubi10/10/x86_64/appstream/os/Packages/p/perl-base-2.27-512.2.el10_0.noarch.rpm
    repoid: ubi-10-appstream-rpms
    size: 17341
    checksum: sha256:287ea390eee501bd5a8f615589df285926eb7986c2384728bee729fbd7117bea
    name: perl-base
    evr: 2.27-512.2.el10_0
    sourcerpm: perl-5.40.2-512.2.el10_0.src.rpm
  - url: https://cdn-ubi.redhat.com/content/public/ubi/dist/ubi10/10/x86_64/appstream/os/Packages/p/perl-constant-1.33-512.el10.noarch.rpm
    repoid: ubi-10-appstream-rpms
    size: 26066
    checksum: sha256:2004a0ea190e5bf30a12dae628333d4f31bf89c1611ae4283c77fcdadc921f07
    name: perl-constant
    evr: 1.33-512.el10
    sourcerpm: perl-constant-1.33-512.el10.src.rpm
  - url: https://cdn-ubi.redhat.com/content/public/ubi/dist/ubi10/10/x86_64/appstream/os/Packages/p/perl-if-0.61.000-512.2.el10_0.noarch.rpm
    repoid: ubi-10-appstream-rpms
    size: 15075
    checksum: sha256:54ad6569e062d15cd55f84dab92b0283735a4e9ec9adc7ff14555705066f09d1
    name: perl-if
    evr: 0.61.000-512.2.el10_0
    sourcerpm: perl-5.40.2-512.2.el10_0.src.rpm
  - url: https://cdn-ubi.redhat.com/content/public/ubi/dist/ubi10/10/x86_64/appstream/os/Packages/p/perl-interpreter-5.40.2-512.2.el10_0.x86_64.rpm
    repoid: ubi-10-appstream-rpms
    size: 74653
    checksum: sha256:9534bd1ab99ae2656b3033e80cf779f6e000e71cb2b420ac56fcf21d2e5362d7
    name: perl-interpreter
    evr: 4:5.40.2-512.2.el10_0
    sourcerpm: perl-5.40.2-512.2.el10_0.src.rpm
  - url: https://cdn-ubi.redhat.com/content/public/ubi/dist/ubi10/10/x86_64/appstream/os/Packages/p/perl-lib-0.65-512.2.el10_0.x86_64.rpm
    repoid: ubi-10-appstream-rpms
    size: 16018
    checksum: sha256:1a3fa707640b818197a5f3727cf1ca492740c795da08f97fc640daeb2028749b
    name: perl-lib
    evr: 0.65-512.2.el10_0
    sourcerpm: perl-5.40.2-512.2.el10_0.src.rpm
  - url: https://cdn-ubi.redhat.com/content/public/ubi/dist/ubi10/10/x86_64/appstream/os/Packages/p/perl-libnet-3.15-512.el10.noarch.rpm
    repoid: ubi-10-appstream-rpms
    size: 134460
    checksum: sha256:328e9e9c9c216a2bda6f205ff4637754914a6a21cb9fb792c6c3e7dd8adf8bde
    name: perl-libnet
    evr: 3.15-512.el10
    sourcerpm: perl-libnet-3.15-512.el10.src.rpm
  - url: https://cdn-ubi.redhat.com/content/public/ubi/dist/ubi10/10/x86_64/appstream/os/Packages/p/perl-libs-5.40.2-512.2.el10_0.x86_64.rpm
    repoid: ubi-10-appstream-rpms
    size: 2513332
    checksum: sha256:f9a10f985ae25572388de77da570960d1b200ac1d0e61ff17255a9892ef5330c
    name: perl-libs
    evr: 4:5.40.2-512.2.el10_0
    sourcerpm: perl-5.40.2-512.2.el10_0.src.rpm
  - url: https://cdn-ubi.redhat.com/content/public/ubi/dist/ubi10/10/x86_64/appstream/os/Packages/p/perl-locale-1.12-512.2.el10_0.noarch.rpm
    repoid: ubi-10-appstream-rpms
    size: 14690
    checksum: sha256:20d56c81a8673dd9dbf294733196197fb8f900b153b88f802dd9bc85e0bd2a6d
    name: perl-locale
    evr: 1.12-512.2.el10_0
    sourcerpm: perl-5.40.2-512.2.el10_0.src.rpm
  - url: https://cdn-ubi.redhat.com/content/public/ubi/dist/ubi10/10/x86_64/appstream/os/Packages/p/perl-mro-1.29-512.2.el10_0.x86_64.rpm
    repoid: ubi-10-appstream-rpms
    size: 31503
    checksum: sha256:1dbfc0656bbd7a8f4b167bc76dde1af8ff1b471b346110a83874ff570a7b8927
    name: perl-mro
    evr: 1.29-512.2.el10_0
    sourcerpm: perl-5.40.2-512.2.el10_0.src.rpm
  - url: https://cdn-ubi.redhat.com/content/public/ubi/dist/ubi10/10/x86_64/appstream/os/Packages/p/perl-overload-1.37-512.2.el10_0.noarch.rpm
    repoid: ubi-10-appstream-rpms
    size: 47373
    checksum: sha256:516e303994e70249739c7375ede3f2622831b816a0762e9147dbb2f030d43fc9
    name: perl-overload
    evr: 1.37-512.2.el10_0
    sourcerpm: perl-5.40.2-512.2.el10_0.src.rpm
  - url: https://cdn-ubi.redhat.com/content/public/ubi/dist/ubi10/10/x86_64/appstream/os/Packages/p/perl-overloading-0.02-512.2.el10_0.noarch.rpm
    repoid: ubi-10-appstream-rpms
    size: 13955
    checksum: sha256:20d3c52eaea4dc758eb0a84ce26ae1d0cc3b556f64d9accbdfd60640cad8b435
    name: perl-overloading
    evr: 0.02-512.2.el10_0
    sourcerpm: perl-5.40.2-512.2.el10_0.src.rpm
  - url: https://cdn-ubi.redhat.com/content/public/ubi/dist/ubi10/10/x86_64/appstream/os/Packages/p/perl-parent-0.241-512.el10.noarch.rpm
    repoid: ubi-10-appstream-rpms
    size: 17274
    checksum: sha256:f1f3a1a07d86b752c46d96da1ef18e2243732c6354c9a3fd1d17a7e224031d5f
    name: perl-parent
    evr: 1:0.241-512.el10
    sourcerpm: perl-parent-0.241-512.el10.src.rpm
  - url: https://cdn-ubi.redhat.com/content/public/ubi/dist/ubi10/10/x86_64/appstream/os/Packages/p/perl-podlators-5.01-511.el10.noarch.rpm
    repoid: ubi-10-appstream-rpms
    size: 130744
    checksum: sha256:6b8001129818f1f4615a4704e679d380b736ae7333a837ba567967660320a6b2
    name: perl-podlators
    evr: 1:5.01-511.el10
    sourcerpm: perl-podlators-5.01-511.el10.src.rpm
  - url: https://cdn-ubi.redhat.com/content/public/ubi/dist/ubi10/10/x86_64/appstream/os/Packages/p/perl-vars-1.05-512.2.el10_0.noarch.rpm
    repoid: ubi-10-appstream-rpms
    size: 14049
    checksum: sha256:12d8f33c30ae5907ea1510b5c415b66a0a9ed2c02680fc5b68d6145dc5a2d3b4
    name: perl-vars
    evr: 1.05-512.2.el10_0
    sourcerpm: perl-5.40.2-512.2.el10_0.src.rpm
  - url: https://cdn-ubi.redhat.com/content/public/ubi/dist/ubi10/10/x86_64/appstream/os/Packages/p/perl-version-0.99.32-4.el10.x86_64.rpm
    repoid: ubi-10-appstream-rpms
    size: 69706
    checksum: sha256:526b68ad7247e53c8f244b1e764b3aa2defaab18f48c6f3c5df17d734e448818
    name: perl-version
    evr: 8:0.99.32-4.el10
    sourcerpm: perl-version-0.99.32-4.el10.src.rpm
  - url: https://cdn-ubi.redhat.com/content/public/ubi/dist/ubi10/10/x86_64/appstream/os/Packages/p/python3-devel-3.12.13-2.el10_2.x86_64.rpm
    repoid: ubi-10-appstream-rpms
    size: 344493
    checksum: sha256:95ee2f1e333bc2ea08b3b98a7365b5b0abd0fa1cd43478f8c36c8af7eba113d4
    name: python3-devel
    evr: 3.12.13-2.el10_2
    sourcerpm: python3.12-3.12.13-2.el10_2.src.rpm
  - url: https://cdn-ubi.redhat.com/content/public/ubi/dist/ubi10/10/x86_64/appstream/os/Packages/p/python3-pip-23.3.2-11.el10_2.noarch.rpm
    repoid: ubi-10-appstream-rpms
    size: 3397397
    checksum: sha256:9ec169d6dbee7913aed17a167c46d72106299b3311c21f4f6408cc8d3404b026
    name: python3-pip
    evr: 23.3.2-11.el10_2
    sourcerpm: python-pip-23.3.2-11.el10_2.src.rpm
  - url: https://cdn-ubi.redhat.com/content/public/ubi/dist/ubi10/10/x86_64/appstream/os/Packages/r/rust-1.92.0-1.el10.x86_64.rpm
    repoid: ubi-10-appstream-rpms
    size: 31576709
    checksum: sha256:c6f8e920b093999a87e550bb7ee667f8e2e3cb7f79f2aa184908ae64036d12a7
    name: rust
    evr: 1.92.0-1.el10
    sourcerpm: rust-1.92.0-1.el10.src.rpm
  - url: https://cdn-ubi.redhat.com/content/public/ubi/dist/ubi10/10/x86_64/appstream/os/Packages/r/rust-std-static-1.92.0-1.el10.x86_64.rpm
    repoid: ubi-10-appstream-rpms
    size: 42988494
    checksum: sha256:f1f01e324bfe36df0bbb5f8937462bc92fa617971836d0871f54f159c568c881
    name: rust-std-static
    evr: 1.92.0-1.el10
    sourcerpm: rust-1.92.0-1.el10.src.rpm
  - url: https://cdn-ubi.redhat.com/content/public/ubi/dist/ubi10/10/x86_64/baseos/os/Packages/b/binutils-2.41-63.el10.x86_64.rpm
    repoid: ubi-10-baseos-rpms
    size: 6713167
    checksum: sha256:6c9a5b31e855a216845858b4c642f67fe31cfd3dff5aa5d63e8ecff963904c0c
    name: binutils
    evr: 2.41-63.el10
    sourcerpm: binutils-2.41-63.el10.src.rpm
  - url: https://cdn-ubi.redhat.com/content/public/ubi/dist/ubi10/10/x86_64/baseos/os/Packages/b/binutils-gold-2.41-63.el10.x86_64.rpm
    repoid: ubi-10-baseos-rpms
    size: 820424
    checksum: sha256:da272acde4bce4b8421c3b5ac9940f0bd8a9f3d88176769e05687d59ce700552
    name: binutils-gold
    evr: 2.41-63.el10
    sourcerpm: binutils-2.41-63.el10.src.rpm
  - url: https://cdn-ubi.redhat.com/content/public/ubi/dist/ubi10/10/x86_64/baseos/os/Packages/e/elfutils-debuginfod-client-0.194-2.el10_2.x86_64.rpm
    repoid: ubi-10-baseos-rpms
    size: 50760
    checksum: sha256:41d8283ea8b643836aa1885a79c55919885d2009bdf31d81b35c179877d9a483
    name: elfutils-debuginfod-client
    evr: 0.194-2.el10_2
    sourcerpm: elfutils-0.194-2.el10_2.src.rpm
  - url: https://cdn-ubi.redhat.com/content/public/ubi/dist/ubi10/10/x86_64/baseos/os/Packages/g/groff-base-1.23.0-10.el10.x86_64.rpm
    repoid: ubi-10-baseos-rpms
    size: 1182753
    checksum: sha256:fe7aaba08cf90b86523b7435aa4caaf08942ec82b04129e44435a3013555c6b3
    name: groff-base
    evr: 1.23.0-10.el10
    sourcerpm: groff-1.23.0-10.el10.src.rpm
  - url: https://cdn-ubi.redhat.com/content/public/ubi/dist/ubi10/10/x86_64/baseos/os/Packages/j/jansson-2.14-3.el10.x86_64.rpm
    repoid: ubi-10-baseos-rpms
    size: 49616
    checksum: sha256:b5d6eeea14961f64ece8b3bbefeb53a61424822ccbaedb833f7fc7e50f6707c5
    name: jansson
    evr: 2.14-3.el10
    sourcerpm: jansson-2.14-3.el10.src.rpm
  - url: https://cdn-ubi.redhat.com/content/public/ubi/dist/ubi10/10/x86_64/baseos/os/Packages/l/libedit-3.1-52.20230828cvs.el10.x86_64.rpm
    repoid: ubi-10-baseos-rpms
    size: 110822
    checksum: sha256:d984e5aa4856820528bd2829f086c2f3883173b91daa0a304af215e3a0c6a6be
    name: libedit
    evr: 3.1-52.20230828cvs.el10
    sourcerpm: libedit-3.1-52.20230828cvs.el10.src.rpm
  - url: https://cdn-ubi.redhat.com/content/public/ubi/dist/ubi10/10/x86_64/baseos/os/Packages/l/libpkgconf-2.1.0-3.el10.x86_64.rpm
    repoid: ubi-10-baseos-rpms
    size: 41667
    checksum: sha256:3c771e6212564874eb7e6200f22cb2e05265e7319984590c0f4de3eb5733b75f
    name: libpkgconf
    evr: 2.1.0-3.el10
    sourcerpm: pkgconf-2.1.0-3.el10.src.rpm
  - url: https://cdn-ubi.redhat.com/content/public/ubi/dist/ubi10/10/x86_64/baseos/os/Packages/m/make-4.4.1-9.el10.x86_64.rpm
    repoid: ubi-10-baseos-rpms
    size: 605276
    checksum: sha256:1c7b61c065106c0eb3a958e55ffbe37734aebcf440b0c36435ca7eb41b8e0110
    name: make
    evr: 1:4.4.1-9.el10
    sourcerpm: make-4.4.1-9.el10.src.rpm
  - url: https://cdn-ubi.redhat.com/content/public/ubi/dist/ubi10/10/x86_64/baseos/os/Packages/n/ncurses-6.4-15.20240127.el10_1.x86_64.rpm
    repoid: ubi-10-baseos-rpms
    size: 437267
    checksum: sha256:420a86b376c70f56cd06f8cea4614b7c4287223a4602b2d6e46e54cd7778e398
    name: ncurses
    evr: 6.4-15.20240127.el10_1
    sourcerpm: ncurses-6.4-15.20240127.el10_1.src.rpm
  - url: https://cdn-ubi.redhat.com/content/public/ubi/dist/ubi10/10/x86_64/baseos/os/Packages/o/openssl-libs-3.5.5-3.el10_2.x86_64.rpm
    repoid: ubi-10-baseos-rpms
    size: 2370988
    checksum: sha256:586462274e7b135eb1398f4fd33e610a6da6382b9ed41cecd293c2dc2d0f753b
    name: openssl-libs
    evr: 1:3.5.5-3.el10_2
    sourcerpm: openssl-3.5.5-3.el10_2.src.rpm
  - url: https://cdn-ubi.redhat.com/content/public/ubi/dist/ubi10/10/x86_64/baseos/os/Packages/p/pkgconf-2.1.0-3.el10.x86_64.rpm
    repoid: ubi-10-baseos-rpms
    size: 49544
    checksum: sha256:63c965654dfd260d755bd36bdb19ced0036aa4c1e2b64d726c95fad98b2dc041
    name: pkgconf
    evr: 2.1.0-3.el10
    sourcerpm: pkgconf-2.1.0-3.el10.src.rpm
  - url: https://cdn-ubi.redhat.com/content/public/ubi/dist/ubi10/10/x86_64/baseos/os/Packages/p/pkgconf-m4-2.1.0-3.el10.noarch.rpm
    repoid: ubi-10-baseos-rpms
    size: 15861
    checksum: sha256:f6a99c6e64b9358a0b4db60e4fb2b5c858eb0487a504690e80d1b84b9d044995
    name: pkgconf-m4
    evr: 2.1.0-3.el10
    sourcerpm: pkgconf-2.1.0-3.el10.src.rpm
  - url: https://cdn-ubi.redhat.com/content/public/ubi/dist/ubi10/10/x86_64/baseos/os/Packages/p/pkgconf-pkg-config-2.1.0-3.el10.x86_64.rpm
    repoid: ubi-10-baseos-rpms
    size: 12216
    checksum: sha256:b90a31630640ca9a05ba842032ccbe7ae786318bb808ffb49f252acdb1419235
    name: pkgconf-pkg-config
    evr: 2.1.0-3.el10
    sourcerpm: pkgconf-2.1.0-3.el10.src.rpm
  - url: https://cdn-ubi.redhat.com/content/public/ubi/dist/ubi10/10/x86_64/baseos/os/Packages/p/python3-setuptools-69.0.3-12.el10_0.noarch.rpm
    repoid: ubi-10-baseos-rpms
    size: 1658419
    checksum: sha256:820393ba86601e0bb0b79d27c1603cf8ae5ac05287628f9d4e628f4382ce2e29
    name: python3-setuptools
    evr: 69.0.3-12.el10_0
    sourcerpm: python-setuptools-69.0.3-12.el10_0.src.rpm
  source: []
  module_metadata: []
