# THIS IS AN AUTOGENERATED FILE. DO NOT EDIT THIS FILE DIRECTLY.
# yarn lockfile v1


"package-a@http://127.0.0.1:8082/repository/yarn-v1-collision/a/example.tgz":
  version "1.0.0"
  resolved "http://127.0.0.1:8082/repository/yarn-v1-collision/a/example.tgz#2583d96f83ca0e00ac32a7807bdb0e0a7c884d70"

"package-b@http://127.0.0.1:8082/repository/yarn-v1-collision/b/example.tgz":
  version "1.0.0"
  resolved "http://127.0.0.1:8082/repository/yarn-v1-collision/b/example.tgz#3f09df8529ec9a2e8a9ba4fe653a34c28749f723"
