# THIS IS AN AUTOGENERATED FILE. DO NOT EDIT THIS FILE DIRECTLY.
# yarn lockfile v1


"package-a@https://github.com/cachito-testing/cachi2-yarn/raw/refs/heads/offline-mirror-collision/package-a/example.tgz":
  version "1.0.0"
  resolved "https://github.com/cachito-testing/cachi2-yarn/raw/refs/heads/offline-mirror-collision/package-a/example.tgz#8622b0e42e8fc610d63f95ca2127c1a954f1f4bb"

"package-b@https://github.com/cachito-testing/cachi2-yarn/raw/refs/heads/offline-mirror-collision/package-b/example.tgz":
  version "1.0.0"
  resolved "https://github.com/cachito-testing/cachi2-yarn/raw/refs/heads/offline-mirror-collision/package-b/example.tgz#e457c96791a275050811ad23720ff770185a5c78"
