{
  "name": "npm-with-aliased-deps",
  "version": "1.0.0",
  "lockfileVersion": 3,
  "requires": true,
  "packages": {
    "": {
      "name": "npm-with-aliased-deps",
      "version": "1.0.0",
      "license": "ISC",
      "dependencies": {
        "fecha": "^4.2.3",
        "fecha-4.2.0": "github:taylorhakes/fecha#91680e4db1415fea33eac878cfd889c80a7b55c7",
        "fecha-4.2.2": "npm:fecha@^4.2.2"
      }
    },
    "node_modules/fecha": {
      "version": "4.2.3",
      "resolved": "https://registry.npmjs.org/fecha/-/fecha-4.2.3.tgz",
      "integrity": "sha512-OP2IUU6HeYKJi3i0z4A19kHMQoLVs4Hc+DPqqxI2h/DPZHTm/vjsfC6P0b4jCMy14XizLBqvndQ+UilD7707Jw=="
    },
    "node_modules/fecha-4.2.0": {
      "name": "fecha",
      "version": "4.2.0",
      "resolved": "git+ssh://git@github.com/taylorhakes/fecha.git#91680e4db1415fea33eac878cfd889c80a7b55c7",
      "integrity": "sha512-w6gSmAOwPFNwyxfkVFPRfOV3c+KRIB3AGQ0Wd4kQgRDRsrZSOLCA8mjS/N0NUIT8oa8Tyjrv/sydoqRAa5TVzQ==",
      "license": "MIT"
    },
    "node_modules/fecha-4.2.2": {
      "name": "fecha",
      "version": "4.2.2",
      "resolved": "https://registry.npmjs.org/fecha/-/fecha-4.2.2.tgz",
      "integrity": "sha512-5rOQWkBVz3FnYWTi/ELZmq4CoK1Pb+xKNZWuJRsOwo0+8DrP43CrWJtyLVvb5U7z7ggE5llahfDbLjaVNzXVJQ=="
    }
  }
}
