{
  "name": "npm-third-package",
  "version": "1.0.0",
  "lockfileVersion": 3,
  "requires": true,
  "packages": {
    "": {
      "name": "npm-third-package",
      "version": "1.0.0",
      "license": "ISC",
      "dependencies": {
        "chai": "4.2.0",
        "is-number": "file:is-number-7.0.0.tgz",
        "is-positive": "github:kevva/is-positive",
        "npm-without-deps": "https://github.com/hermetoproject/integration-tests/archive/b7dacdbf112ce0ea17a75c389e9e0f2f70f5be81.tar.gz",
        "sax": "0.1.1"
      }
    },
    "node_modules/assertion-error": {
      "version": "1.1.0",
      "resolved": "https://registry.npmjs.org/assertion-error/-/assertion-error-1.1.0.tgz",
      "engines": {
        "node": "*"
      }
    },
    "node_modules/chai": {
      "version": "4.2.0",
      "resolved": "https://registry.npmjs.org/chai/-/chai-4.2.0.tgz",
      "dependencies": {
        "assertion-error": "^1.1.0",
        "check-error": "^1.0.2",
        "deep-eql": "^3.0.1",
        "get-func-name": "^2.0.0",
        "pathval": "^1.1.0",
        "type-detect": "^4.0.5"
      },
      "engines": {
        "node": ">=4"
      }
    },
    "node_modules/check-error": {
      "version": "1.0.2",
      "resolved": "https://registry.npmjs.org/check-error/-/check-error-1.0.2.tgz",
      "engines": {
        "node": "*"
      }
    },
    "node_modules/deep-eql": {
      "version": "3.0.1",
      "resolved": "https://registry.npmjs.org/deep-eql/-/deep-eql-3.0.1.tgz",
      "dependencies": {
        "type-detect": "^4.0.0"
      },
      "engines": {
        "node": ">=0.12"
      }
    },
    "node_modules/get-func-name": {
      "version": "2.0.2",
      "resolved": "https://registry.npmjs.org/get-func-name/-/get-func-name-2.0.2.tgz",
      "engines": {
        "node": "*"
      }
    },
    "node_modules/is-number": {
      "version": "7.0.0",
      "resolved": "file:is-number-7.0.0.tgz",
      "integrity": "sha512-41Cifkg6e8TylSpdtTpeLVMqvSBEVzTttHvERD741+pnZ8ANv0004MRL43QKPDlK9cGvNp6NZWZUBlbGXYxxng==",
      "license": "MIT",
      "engines": {
        "node": ">=0.12.0"
      }
    },
    "node_modules/is-positive": {
      "version": "3.1.0",
      "resolved": "git+ssh://git@github.com/kevva/is-positive.git#97edff6f525f192a3f83cea1944765f769ae2678",
      "license": "MIT",
      "engines": {
        "node": ">=0.10.0"
      }
    },
    "node_modules/npm-without-deps": {
      "version": "1.0.0",
      "resolved": "https://github.com/hermetoproject/integration-tests/archive/b7dacdbf112ce0ea17a75c389e9e0f2f70f5be81.tar.gz",
      "integrity": "sha512-jBq/ZIQaRF6zhMWqXCbDpR1UyHbbYnd6O1/D5N69KeK/aOS3T+b7wyKh0MTPAv0maKXfc669QRjFSTHRjKCGoQ=="
    },
    "node_modules/pathval": {
      "version": "1.1.1",
      "resolved": "https://registry.npmjs.org/pathval/-/pathval-1.1.1.tgz",
      "engines": {
        "node": "*"
      }
    },
    "node_modules/sax": {
      "version": "0.1.1",
      "resolved": "https://registry.npmjs.org/sax/-/sax-0.1.1.tgz",
      "engines": {
        "node": "*"
      }
    },
    "node_modules/type-detect": {
      "version": "4.0.8",
      "resolved": "https://registry.npmjs.org/type-detect/-/type-detect-4.0.8.tgz",
      "engines": {
        "node": ">=4"
      }
    }
  }
}
