# This file is generated by running "yarn install" inside your project.
# Manual changes might be lost - proceed with caution!

__metadata:
  version: 6

"cachi2-yarn-packagemanager@workspace:.":
  version: 0.0.0-use.local
  resolution: "cachi2-yarn-packagemanager@workspace:."
  languageName: unknown
  linkType: soft
