metadata:
    version: "1.0"
artifacts:
    - type: "maven"
      filename: ant.jar
      attributes:
          repository_url: "https://repo1.maven.org/maven2"
          group_id: "org.apache.ant"
          artifact_id: "ant"
          version: "1.10.14"
          type: "jar"
      checksum: "sha256:4cbbd9243de4c1042d61d9a15db4c43c90ff93b16d78b39481da1c956c8e9671"
    - type: "maven"
      filename: ant-launcher.jar
      attributes:
          repository_url: "https://repo1.maven.org/maven2"
          group_id: "org.apache.ant"
          artifact_id: "ant-launcher"
          version: "1.10.14"
          type: "jar"
          classifier: ""
      checksum: "sha256:f0909725a7a24e393888f3fbb558347abf506ce2f7ebc581ff26331b94d951a5"