{
  "name": "npm-dev-optional-peer-deps",
  "version": "1.0.0",
  "lockfileVersion": 3,
  "requires": true,
  "packages": {
    "": {
      "name": "npm-dev-optional-peer-deps",
      "version": "1.0.0",
      "license": "ISC",
      "workspaces": [
        "foo"
      ],
      "devDependencies": {
        "ansi-styles": "^6.2.1",
        "chalk": "github:chalk/chalk"
      },
      "optionalDependencies": {
        "emoji-regex": "^10.2.1",
        "minimist": "https://github.com/minimistjs/minimist/archive/refs/tags/v1.2.8.tar.gz"
      },
      "peerDependencies": {
        "jsonfile": "^6.1.0"
      }
    },
    "foo": {
      "version": "1.0.0",
      "license": "ISC",
      "devDependencies": {
        "ansi-regex": "^6.0.1",
        "ms": "https://github.com/vercel/ms/archive/refs/tags/2.1.3.tar.gz"
      },
      "optionalDependencies": {
        "balanced-match": "^2.0.0",
        "is-interactive": "github:sindresorhus/is-interactive"
      }
    },
    "node_modules/ansi-regex": {
      "version": "6.0.1",
      "resolved": "https://registry.npmjs.org/ansi-regex/-/ansi-regex-6.0.1.tgz",
      "integrity": "sha512-n5M855fKb2SsfMIiFFoVrABHJC8QtHwVx+mHWP3QcEqBHYienj5dHSgjbxtC0WEZXYt4wcD6zrQElDPhFuZgfA==",
      "dev": true,
      "engines": {
        "node": ">=12"
      },
      "funding": {
        "url": "https://github.com/chalk/ansi-regex?sponsor=1"
      }
    },
    "node_modules/ansi-styles": {
      "version": "6.2.1",
      "resolved": "https://registry.npmjs.org/ansi-styles/-/ansi-styles-6.2.1.tgz",
      "integrity": "sha512-bN798gFfQX+viw3R7yrGWRqnrN2oRkEkUjjl4JNn4E8GxxbjtG3FbrEIIY3l8/hrwUwIeCZvi4QuOTP4MErVug==",
      "dev": true,
      "license": "MIT",
      "engines": {
        "node": ">=12"
      },
      "funding": {
        "url": "https://github.com/chalk/ansi-styles?sponsor=1"
      }
    },
    "node_modules/balanced-match": {
      "version": "2.0.0",
      "resolved": "https://registry.npmjs.org/balanced-match/-/balanced-match-2.0.0.tgz",
      "integrity": "sha512-1ugUSr8BHXRnK23KfuYS+gVMC3LB8QGH9W1iGtDPsNWoQbgtXSExkBu2aDR4epiGWZOjZsj6lDl/N/AqqTC3UA==",
      "optional": true
    },
    "node_modules/chalk": {
      "version": "5.3.0",
      "resolved": "git+ssh://git@github.com/chalk/chalk.git#f399cd0ff69841e88cca89d43a49f1cc9ba2efd5",
      "dev": true,
      "license": "MIT",
      "engines": {
        "node": "^12.17.0 || ^14.13 || >=16.0.0"
      },
      "funding": {
        "url": "https://github.com/chalk/chalk?sponsor=1"
      }
    },
    "node_modules/emoji-regex": {
      "version": "10.2.1",
      "resolved": "https://registry.npmjs.org/emoji-regex/-/emoji-regex-10.2.1.tgz",
      "integrity": "sha512-97g6QgOk8zlDRdgq1WxwgTMgEWGVAQvB5Fdpgc1MkNy56la5SKP9GsMXKDOdqwn90/41a8yPwIGk1Y6WVbeMQA==",
      "license": "MIT",
      "optional": true
    },
    "node_modules/foo": {
      "resolved": "foo",
      "link": true
    },
    "node_modules/graceful-fs": {
      "version": "4.2.11",
      "resolved": "https://registry.npmjs.org/graceful-fs/-/graceful-fs-4.2.11.tgz",
      "integrity": "sha512-RbJ5/jmFcNNCcDV5o9eTnBLJ/HszWV0P73bc+Ff4nS/rJj+YaS6IGyiOL0VoBYX+l1Wrl3k63h/KrH+nhJ0XvQ==",
      "license": "ISC",
      "optional": true,
      "peer": true
    },
    "node_modules/is-interactive": {
      "version": "2.0.0",
      "resolved": "git+ssh://git@github.com/sindresorhus/is-interactive.git#8bf082e07e144a196a27b9cbddde2db11223806b",
      "license": "MIT",
      "optional": true,
      "engines": {
        "node": ">=12"
      },
      "funding": {
        "url": "https://github.com/sponsors/sindresorhus"
      }
    },
    "node_modules/jsonfile": {
      "version": "6.1.0",
      "resolved": "https://registry.npmjs.org/jsonfile/-/jsonfile-6.1.0.tgz",
      "integrity": "sha512-5dgndWOriYSm5cnYaJNhalLNDKOqFwyDB/rr1E9ZsGciGvKPs8R2xYGCacuf3z6K1YKDz182fd+fY3cn3pMqXQ==",
      "license": "MIT",
      "peer": true,
      "dependencies": {
        "universalify": "^2.0.0"
      },
      "optionalDependencies": {
        "graceful-fs": "^4.1.6"
      }
    },
    "node_modules/minimist": {
      "version": "1.2.8",
      "resolved": "https://github.com/minimistjs/minimist/archive/refs/tags/v1.2.8.tar.gz",
      "integrity": "sha512-N1tEeKehrCtLcM7KHsAPTPtHo1tOKIqVat5Qi7pAIM4brPuG7D7gwzJkT5xDqrBoUS5BObywxrpTpzaJTfQ69w==",
      "license": "MIT",
      "optional": true,
      "funding": {
        "url": "https://github.com/sponsors/ljharb"
      }
    },
    "node_modules/ms": {
      "version": "2.1.3",
      "resolved": "https://github.com/vercel/ms/archive/refs/tags/2.1.3.tar.gz",
      "integrity": "sha512-Ny2qCGxvOv6M7+9S4EtQ7duV1FEK5LrQdPMocDRLz0iCQswOLdmzi5Vfvq9A8lL7yeOVC7N7KXZ+xbhQTXBByA==",
      "dev": true,
      "license": "MIT"
    },
    "node_modules/universalify": {
      "version": "2.0.0",
      "resolved": "https://registry.npmjs.org/universalify/-/universalify-2.0.0.tgz",
      "integrity": "sha512-hAZsKq7Yy11Zu1DE0OzWjw7nnLZmJZYTDZZyEFHZdUhV8FkH5MCfoU1XMaxXovpyW5nq5scPqq0ZDP9Zyl04oQ==",
      "license": "MIT",
      "peer": true,
      "engines": {
        "node": ">= 10.0.0"
      }
    }
  }
}
