# This file is automatically @generated by Cargo.
# It is not intended for manual editing.
version = 4

[[package]]
name = "integration-tests"
version = "0.1.0"
dependencies = [
 "uuid",
]

[[package]]
name = "uuid"
version = "1.12.1"
source = "git+https://github.com/uuid-rs/uuid#70831d21b373a06149885e8aec18c9084ac918c3"
