# This file is automatically @generated by Cargo.
# It is not intended for manual editing.
version = 4

[[package]]
name = "data-encoding"
version = "2.7.0"
source = "registry+https://github.com/rust-lang/crates.io-index"
checksum = "0e60eed09d8c01d3cee5b7d30acb059b76614c918fa0f992e0dd6eeb10daad6f"

[[package]]
name = "integration-tests"
version = "0.1.0"
dependencies = [
 "data-encoding",
 "uuid",
]

[[package]]
name = "uuid"
version = "1.12.1"
source = "git+https://github.com/uuid-rs/uuid#70831d21b373a06149885e8aec18c9084ac918c3"
